
Microsoft Visual Studio Solution File, Format Version 12.00
# Visual Studio Version 17
VisualStudioVersion = 17.14.36414.22
MinimumVisualStudioVersion = 10.0.40219.1
Project("{FAE04EC0-301F-11D3-BF4B-00C04F79EFBC}") = "Tarefa2AlgoritimoArvore", "Tarefa2AlgoritimoArvore.csproj", "{3A81BCB2-D9F8-4434-B052-AA7625BA6C49}"
EndProject
Project("{FAE04EC0-301F-11D3-BF4B-00C04F79EFBC}") = "Tarefa2AlgoritimoArvoreTestProject", "..\Tarefa2AlgoritimoArvoreTestProject\Tarefa2AlgoritimoArvoreTestProject.csproj", "{F79538A7-AF30-42D6-B932-6DA6EE5CCABF}"
EndProject
Global
	GlobalSection(SolutionConfigurationPlatforms) = preSolution
		Debug|Any CPU = Debug|Any CPU
		Release|Any CPU = Release|Any CPU
	EndGlobalSection
	GlobalSection(ProjectConfigurationPlatforms) = postSolution
		{3A81BCB2-D9F8-4434-B052-AA7625BA6C49}.Debug|Any CPU.ActiveCfg = Debug|Any CPU
		{3A81BCB2-D9F8-4434-B052-AA7625BA6C49}.Debug|Any CPU.Build.0 = Debug|Any CPU
		{3A81BCB2-D9F8-4434-B052-AA7625BA6C49}.Release|Any CPU.ActiveCfg = Release|Any CPU
		{3A81BCB2-D9F8-4434-B052-AA7625BA6C49}.Release|Any CPU.Build.0 = Release|Any CPU
		{F79538A7-AF30-42D6-B932-6DA6EE5CCABF}.Debug|Any CPU.ActiveCfg = Debug|Any CPU
		{F79538A7-AF30-42D6-B932-6DA6EE5CCABF}.Debug|Any CPU.Build.0 = Debug|Any CPU
		{F79538A7-AF30-42D6-B932-6DA6EE5CCABF}.Release|Any CPU.ActiveCfg = Release|Any CPU
		{F79538A7-AF30-42D6-B932-6DA6EE5CCABF}.Release|Any CPU.Build.0 = Release|Any CPU
	EndGlobalSection
	GlobalSection(SolutionProperties) = preSolution
		HideSolutionNode = FALSE
	EndGlobalSection
	GlobalSection(ExtensibilityGlobals) = postSolution
		SolutionGuid = {C709E5F1-D6CA-462E-8477-F43957D5C256}
	EndGlobalSection
EndGlobal
